// !$*UTF8*$!
{
	archiveVersion = 1;
	classes = {
	};
	objectVersion = 56;
	objects = {

/* Begin PBXBuildFile section */
		5010629E294A2027004C4194 /* Assignment2ViewController.swift in Sources */ = {isa = PBXBuildFile; fileRef = 5010629D294A2027004C4194 /* Assignment2ViewController.swift */; };
		50273D67294A243A007C4DF1 /* InfoController.swift in Sources */ = {isa = PBXBuildFile; fileRef = 50273D63294A243A007C4DF1 /* InfoController.swift */; };
		50273D68294A243A007C4DF1 /* ImageController.swift in Sources */ = {isa = PBXBuildFile; fileRef = 50273D64294A243A007C4DF1 /* ImageController.swift */; };
		50273D69294A243A007C4DF1 /* ScrollViewController.swift in Sources */ = {isa = PBXBuildFile; fileRef = 50273D65294A243A007C4DF1 /* ScrollViewController.swift */; };
		50273D6A294A243A007C4DF1 /* HomeController.swift in Sources */ = {isa = PBXBuildFile; fileRef = 50273D66294A243A007C4DF1 /* HomeController.swift */; };
		50273D70294A2B15007C4DF1 /* TableViewController.swift in Sources */ = {isa = PBXBuildFile; fileRef = 50273D6B294A2B15007C4DF1 /* TableViewController.swift */; };
		50273D71294A2B15007C4DF1 /* TableItemViewController.swift in Sources */ = {isa = PBXBuildFile; fileRef = 50273D6C294A2B15007C4DF1 /* TableItemViewController.swift */; };
		50273D72294A2B15007C4DF1 /* Assignment4ViewController.swift in Sources */ = {isa = PBXBuildFile; fileRef = 50273D6D294A2B15007C4DF1 /* Assignment4ViewController.swift */; };
		50273D73294A2B15007C4DF1 /* ScrollViewControllerForm.swift in Sources */ = {isa = PBXBuildFile; fileRef = 50273D6E294A2B15007C4DF1 /* ScrollViewControllerForm.swift */; };
		50273D74294A2B15007C4DF1 /* ScrollViewDataController.swift in Sources */ = {isa = PBXBuildFile; fileRef = 50273D6F294A2B15007C4DF1 /* ScrollViewDataController.swift */; };
		5072395D294A0D4700644744 /* MasterViewController.swift in Sources */ = {isa = PBXBuildFile; fileRef = 5072395C294A0D4700644744 /* MasterViewController.swift */; };
		50723960294A152100644744 /* Assignment1ViewController.swift in Sources */ = {isa = PBXBuildFile; fileRef = 5072395F294A152100644744 /* Assignment1ViewController.swift */; };
		50723962294A153A00644744 /* Assignemnt1StoryBorad.storyboard in Resources */ = {isa = PBXBuildFile; fileRef = 50723961294A153A00644744 /* Assignemnt1StoryBorad.storyboard */; };
		50D683FC2948EC7200E9ABB6 /* AppDelegate.swift in Sources */ = {isa = PBXBuildFile; fileRef = 50D683FB2948EC7200E9ABB6 /* AppDelegate.swift */; };
		50D683FE2948EC7200E9ABB6 /* SceneDelegate.swift in Sources */ = {isa = PBXBuildFile; fileRef = 50D683FD2948EC7200E9ABB6 /* SceneDelegate.swift */; };
		50D684002948EC7200E9ABB6 /* ViewController.swift in Sources */ = {isa = PBXBuildFile; fileRef = 50D683FF2948EC7200E9ABB6 /* ViewController.swift */; };
		50D684032948EC7200E9ABB6 /* Main.storyboard in Resources */ = {isa = PBXBuildFile; fileRef = 50D684012948EC7200E9ABB6 /* Main.storyboard */; };
		50D684052948EC7300E9ABB6 /* Assets.xcassets in Resources */ = {isa = PBXBuildFile; fileRef = 50D684042948EC7300E9ABB6 /* Assets.xcassets */; };
		50D684082948EC7300E9ABB6 /* LaunchScreen.storyboard in Resources */ = {isa = PBXBuildFile; fileRef = 50D684062948EC7300E9ABB6 /* LaunchScreen.storyboard */; };
		50D684132948EC7300E9ABB6 /* iOS_Assignment7Tests.swift in Sources */ = {isa = PBXBuildFile; fileRef = 50D684122948EC7300E9ABB6 /* iOS_Assignment7Tests.swift */; };
		50D6841D2948EC7300E9ABB6 /* iOS_Assignment7UITests.swift in Sources */ = {isa = PBXBuildFile; fileRef = 50D6841C2948EC7300E9ABB6 /* iOS_Assignment7UITests.swift */; };
		50D6841F2948EC7300E9ABB6 /* iOS_Assignment7UITestsLaunchTests.swift in Sources */ = {isa = PBXBuildFile; fileRef = 50D6841E2948EC7300E9ABB6 /* iOS_Assignment7UITestsLaunchTests.swift */; };
/* End PBXBuildFile section */

/* Begin PBXContainerItemProxy section */
		50D6840F2948EC7300E9ABB6 /* PBXContainerItemProxy */ = {
			isa = PBXContainerItemProxy;
			containerPortal = 50D683F02948EC7200E9ABB6 /* Project object */;
			proxyType = 1;
			remoteGlobalIDString = 50D683F72948EC7200E9ABB6;
			remoteInfo = "iOS-Assignment7";
		};
		50D684192948EC7300E9ABB6 /* PBXContainerItemProxy */ = {
			isa = PBXContainerItemProxy;
			containerPortal = 50D683F02948EC7200E9ABB6 /* Project object */;
			proxyType = 1;
			remoteGlobalIDString = 50D683F72948EC7200E9ABB6;
			remoteInfo = "iOS-Assignment7";
		};
/* End PBXContainerItemProxy section */

/* Begin PBXFileReference section */
		5010629D294A2027004C4194 /* Assignment2ViewController.swift */ = {isa = PBXFileReference; fileEncoding = 4; lastKnownFileType = sourcecode.swift; path = Assignment2ViewController.swift; sourceTree = "<group>"; };
		50273D63294A243A007C4DF1 /* InfoController.swift */ = {isa = PBXFileReference; fileEncoding = 4; lastKnownFileType = sourcecode.swift; path = InfoController.swift; sourceTree = "<group>"; };
		50273D64294A243A007C4DF1 /* ImageController.swift */ = {isa = PBXFileReference; fileEncoding = 4; lastKnownFileType = sourcecode.swift; path = ImageController.swift; sourceTree = "<group>"; };
		50273D65294A243A007C4DF1 /* ScrollViewController.swift */ = {isa = PBXFileReference; fileEncoding = 4; lastKnownFileType = sourcecode.swift; path = ScrollViewController.swift; sourceTree = "<group>"; };
		50273D66294A243A007C4DF1 /* HomeController.swift */ = {isa = PBXFileReference; fileEncoding = 4; lastKnownFileType = sourcecode.swift; path = HomeController.swift; sourceTree = "<group>"; };
		50273D6B294A2B15007C4DF1 /* TableViewController.swift */ = {isa = PBXFileReference; fileEncoding = 4; lastKnownFileType = sourcecode.swift; path = TableViewController.swift; sourceTree = "<group>"; };
		50273D6C294A2B15007C4DF1 /* TableItemViewController.swift */ = {isa = PBXFileReference; fileEncoding = 4; lastKnownFileType = sourcecode.swift; path = TableItemViewController.swift; sourceTree = "<group>"; };
		50273D6D294A2B15007C4DF1 /* Assignment4ViewController.swift */ = {isa = PBXFileReference; fileEncoding = 4; lastKnownFileType = sourcecode.swift; path = Assignment4ViewController.swift; sourceTree = "<group>"; };
		50273D6E294A2B15007C4DF1 /* ScrollViewControllerForm.swift */ = {isa = PBXFileReference; fileEncoding = 4; lastKnownFileType = sourcecode.swift; path = ScrollViewControllerForm.swift; sourceTree = "<group>"; };
		50273D6F294A2B15007C4DF1 /* ScrollViewDataController.swift */ = {isa = PBXFileReference; fileEncoding = 4; lastKnownFileType = sourcecode.swift; path = ScrollViewDataController.swift; sourceTree = "<group>"; };
		5072395C294A0D4700644744 /* MasterViewController.swift */ = {isa = PBXFileReference; lastKnownFileType = sourcecode.swift; path = MasterViewController.swift; sourceTree = "<group>"; };
		5072395F294A152100644744 /* Assignment1ViewController.swift */ = {isa = PBXFileReference; lastKnownFileType = sourcecode.swift; path = Assignment1ViewController.swift; sourceTree = "<group>"; };
		50723961294A153A00644744 /* Assignemnt1StoryBorad.storyboard */ = {isa = PBXFileReference; lastKnownFileType = file.storyboard; path = Assignemnt1StoryBorad.storyboard; sourceTree = "<group>"; };
		50D683F82948EC7200E9ABB6 /* iOS-Assignment7.app */ = {isa = PBXFileReference; explicitFileType = wrapper.application; includeInIndex = 0; path = "iOS-Assignment7.app"; sourceTree = BUILT_PRODUCTS_DIR; };
		50D683FB2948EC7200E9ABB6 /* AppDelegate.swift */ = {isa = PBXFileReference; lastKnownFileType = sourcecode.swift; path = AppDelegate.swift; sourceTree = "<group>"; };
		50D683FD2948EC7200E9ABB6 /* SceneDelegate.swift */ = {isa = PBXFileReference; lastKnownFileType = sourcecode.swift; path = SceneDelegate.swift; sourceTree = "<group>"; };
		50D683FF2948EC7200E9ABB6 /* ViewController.swift */ = {isa = PBXFileReference; lastKnownFileType = sourcecode.swift; path = ViewController.swift; sourceTree = "<group>"; };
		50D684022948EC7200E9ABB6 /* Base */ = {isa = PBXFileReference; lastKnownFileType = file.storyboard; name = Base; path = Base.lproj/Main.storyboard; sourceTree = "<group>"; };
		50D684042948EC7300E9ABB6 /* Assets.xcassets */ = {isa = PBXFileReference; lastKnownFileType = folder.assetcatalog; path = Assets.xcassets; sourceTree = "<group>"; };
		50D684072948EC7300E9ABB6 /* Base */ = {isa = PBXFileReference; lastKnownFileType = file.storyboard; name = Base; path = Base.lproj/LaunchScreen.storyboard; sourceTree = "<group>"; };
		50D684092948EC7300E9ABB6 /* Info.plist */ = {isa = PBXFileReference; lastKnownFileType = text.plist.xml; path = Info.plist; sourceTree = "<group>"; };
		50D6840E2948EC7300E9ABB6 /* iOS-Assignment7Tests.xctest */ = {isa = PBXFileReference; explicitFileType = wrapper.cfbundle; includeInIndex = 0; path = "iOS-Assignment7Tests.xctest"; sourceTree = BUILT_PRODUCTS_DIR; };
		50D684122948EC7300E9ABB6 /* iOS_Assignment7Tests.swift */ = {isa = PBXFileReference; lastKnownFileType = sourcecode.swift; path = iOS_Assignment7Tests.swift; sourceTree = "<group>"; };
		50D684182948EC7300E9ABB6 /* iOS-Assignment7UITests.xctest */ = {isa = PBXFileReference; explicitFileType = wrapper.cfbundle; includeInIndex = 0; path = "iOS-Assignment7UITests.xctest"; sourceTree = BUILT_PRODUCTS_DIR; };
		50D6841C2948EC7300E9ABB6 /* iOS_Assignment7UITests.swift */ = {isa = PBXFileReference; lastKnownFileType = sourcecode.swift; path = iOS_Assignment7UITests.swift; sourceTree = "<group>"; };
		50D6841E2948EC7300E9ABB6 /* iOS_Assignment7UITestsLaunchTests.swift */ = {isa = PBXFileReference; lastKnownFileType = sourcecode.swift; path = iOS_Assignment7UITestsLaunchTests.swift; sourceTree = "<group>"; };
/* End PBXFileReference section */

/* Begin PBXFrameworksBuildPhase section */
		50D683F52948EC7200E9ABB6 /* Frameworks */ = {
			isa = PBXFrameworksBuildPhase;
			buildActionMask = 2147483647;
			files = (
			);
			runOnlyForDeploymentPostprocessing = 0;
		};
		50D6840B2948EC7300E9ABB6 /* Frameworks */ = {
			isa = PBXFrameworksBuildPhase;
			buildActionMask = 2147483647;
			files = (
			);
			runOnlyForDeploymentPostprocessing = 0;
		};
		50D684152948EC7300E9ABB6 /* Frameworks */ = {
			isa = PBXFrameworksBuildPhase;
			buildActionMask = 2147483647;
			files = (
			);
			runOnlyForDeploymentPostprocessing = 0;
		};
/* End PBXFrameworksBuildPhase section */

/* Begin PBXGroup section */
		5072395E294A148E00644744 /* iOS-Assignment1 */ = {
			isa = PBXGroup;
			children = (
				5072395F294A152100644744 /* Assignment1ViewController.swift */,
				50723961294A153A00644744 /* Assignemnt1StoryBorad.storyboard */,
			);
			path = "iOS-Assignment1";
			sourceTree = "<group>";
		};
		50723963294A1AAF00644744 /* iOS-Assignment2 */ = {
			isa = PBXGroup;
			children = (
				5010629D294A2027004C4194 /* Assignment2ViewController.swift */,
			);
			path = "iOS-Assignment2";
			sourceTree = "<group>";
		};
		50723964294A1DA700644744 /* iOS-Assignment3 */ = {
			isa = PBXGroup;
			children = (
				50273D66294A243A007C4DF1 /* HomeController.swift */,
				50273D64294A243A007C4DF1 /* ImageController.swift */,
				50273D63294A243A007C4DF1 /* InfoController.swift */,
				50273D65294A243A007C4DF1 /* ScrollViewController.swift */,
			);
			path = "iOS-Assignment3";
			sourceTree = "<group>";
		};
		50723965294A1DB300644744 /* iOS-Assignment4 */ = {
			isa = PBXGroup;
			children = (
				50273D6E294A2B15007C4DF1 /* ScrollViewControllerForm.swift */,
				50273D6F294A2B15007C4DF1 /* ScrollViewDataController.swift */,
				50273D6C294A2B15007C4DF1 /* TableItemViewController.swift */,
				50273D6B294A2B15007C4DF1 /* TableViewController.swift */,
				50273D6D294A2B15007C4DF1 /* Assignment4ViewController.swift */,
			);
			path = "iOS-Assignment4";
			sourceTree = "<group>";
		};
		50723966294A1DC000644744 /* iOS-Assignment5 */ = {
			isa = PBXGroup;
			children = (
			);
			path = "iOS-Assignment5";
			sourceTree = "<group>";
		};
		50723967294A1DCE00644744 /* iOS-Assignment6 */ = {
			isa = PBXGroup;
			children = (
			);
			path = "iOS-Assignment6";
			sourceTree = "<group>";
		};
		50D683EF2948EC7200E9ABB6 = {
			isa = PBXGroup;
			children = (
				50D683FA2948EC7200E9ABB6 /* iOS-Assignment7 */,
				50D684112948EC7300E9ABB6 /* iOS-Assignment7Tests */,
				50D6841B2948EC7300E9ABB6 /* iOS-Assignment7UITests */,
				50D683F92948EC7200E9ABB6 /* Products */,
			);
			sourceTree = "<group>";
		};
		50D683F92948EC7200E9ABB6 /* Products */ = {
			isa = PBXGroup;
			children = (
				50D683F82948EC7200E9ABB6 /* iOS-Assignment7.app */,
				50D6840E2948EC7300E9ABB6 /* iOS-Assignment7Tests.xctest */,
				50D684182948EC7300E9ABB6 /* iOS-Assignment7UITests.xctest */,
			);
			name = Products;
			sourceTree = "<group>";
		};
		50D683FA2948EC7200E9ABB6 /* iOS-Assignment7 */ = {
			isa = PBXGroup;
			children = (
				50723967294A1DCE00644744 /* iOS-Assignment6 */,
				50723966294A1DC000644744 /* iOS-Assignment5 */,
				50723965294A1DB300644744 /* iOS-Assignment4 */,
				50723964294A1DA700644744 /* iOS-Assignment3 */,
				50723963294A1AAF00644744 /* iOS-Assignment2 */,
				5072395E294A148E00644744 /* iOS-Assignment1 */,
				50D683FB2948EC7200E9ABB6 /* AppDelegate.swift */,
				50D683FD2948EC7200E9ABB6 /* SceneDelegate.swift */,
				50D683FF2948EC7200E9ABB6 /* ViewController.swift */,
				50D684012948EC7200E9ABB6 /* Main.storyboard */,
				50D684042948EC7300E9ABB6 /* Assets.xcassets */,
				50D684062948EC7300E9ABB6 /* LaunchScreen.storyboard */,
				50D684092948EC7300E9ABB6 /* Info.plist */,
				5072395C294A0D4700644744 /* MasterViewController.swift */,
			);
			path = "iOS-Assignment7";
			sourceTree = "<group>";
		};
		50D684112948EC7300E9ABB6 /* iOS-Assignment7Tests */ = {
			isa = PBXGroup;
			children = (
				50D684122948EC7300E9ABB6 /* iOS_Assignment7Tests.swift */,
			);
			path = "iOS-Assignment7Tests";
			sourceTree = "<group>";
		};
		50D6841B2948EC7300E9ABB6 /* iOS-Assignment7UITests */ = {
			isa = PBXGroup;
			children = (
				50D6841C2948EC7300E9ABB6 /* iOS_Assignment7UITests.swift */,
				50D6841E2948EC7300E9ABB6 /* iOS_Assignment7UITestsLaunchTests.swift */,
			);
			path = "iOS-Assignment7UITests";
			sourceTree = "<group>";
		};
/* End PBXGroup section */

/* Begin PBXNativeTarget section */
		50D683F72948EC7200E9ABB6 /* iOS-Assignment7 */ = {
			isa = PBXNativeTarget;
			buildConfigurationList = 50D684222948EC7300E9ABB6 /* Build configuration list for PBXNativeTarget "iOS-Assignment7" */;
			buildPhases = (
				50D683F42948EC7200E9ABB6 /* Sources */,
				50D683F52948EC7200E9ABB6 /* Frameworks */,
				50D683F62948EC7200E9ABB6 /* Resources */,
			);
			buildRules = (
			);
			dependencies = (
			);
			name = "iOS-Assignment7";
			productName = "iOS-Assignment7";
			productReference = 50D683F82948EC7200E9ABB6 /* iOS-Assignment7.app */;
			productType = "com.apple.product-type.application";
		};
		50D6840D2948EC7300E9ABB6 /* iOS-Assignment7Tests */ = {
			isa = PBXNativeTarget;
			buildConfigurationList = 50D684252948EC7300E9ABB6 /* Build configuration list for PBXNativeTarget "iOS-Assignment7Tests" */;
			buildPhases = (
				50D6840A2948EC7300E9ABB6 /* Sources */,
				50D6840B2948EC7300E9ABB6 /* Frameworks */,
				50D6840C2948EC7300E9ABB6 /* Resources */,
			);
			buildRules = (
			);
			dependencies = (
				50D684102948EC7300E9ABB6 /* PBXTargetDependency */,
			);
			name = "iOS-Assignment7Tests";
			productName = "iOS-Assignment7Tests";
			productReference = 50D6840E2948EC7300E9ABB6 /* iOS-Assignment7Tests.xctest */;
			productType = "com.apple.product-type.bundle.unit-test";
		};
		50D684172948EC7300E9ABB6 /* iOS-Assignment7UITests */ = {
			isa = PBXNativeTarget;
			buildConfigurationList = 50D684282948EC7300E9ABB6 /* Build configuration list for PBXNativeTarget "iOS-Assignment7UITests" */;
			buildPhases = (
				50D684142948EC7300E9ABB6 /* Sources */,
				50D684152948EC7300E9ABB6 /* Frameworks */,
				50D684162948EC7300E9ABB6 /* Resources */,
			);
			buildRules = (
			);
			dependencies = (
				50D6841A2948EC7300E9ABB6 /* PBXTargetDependency */,
			);
			name = "iOS-Assignment7UITests";
			productName = "iOS-Assignment7UITests";
			productReference = 50D684182948EC7300E9ABB6 /* iOS-Assignment7UITests.xctest */;
			productType = "com.apple.product-type.bundle.ui-testing";
		};
/* End PBXNativeTarget section */

/* Begin PBXProject section */
		50D683F02948EC7200E9ABB6 /* Project object */ = {
			isa = PBXProject;
			attributes = {
				BuildIndependentTargetsInParallel = 1;
				LastSwiftUpdateCheck = 1410;
				LastUpgradeCheck = 1410;
				TargetAttributes = {
					50D683F72948EC7200E9ABB6 = {
						CreatedOnToolsVersion = 14.1;
					};
					50D6840D2948EC7300E9ABB6 = {
						CreatedOnToolsVersion = 14.1;
						TestTargetID = 50D683F72948EC7200E9ABB6;
					};
					50D684172948EC7300E9ABB6 = {
						CreatedOnToolsVersion = 14.1;
						TestTargetID = 50D683F72948EC7200E9ABB6;
					};
				};
			};
			buildConfigurationList = 50D683F32948EC7200E9ABB6 /* Build configuration list for PBXProject "iOS-Assignment7" */;
			compatibilityVersion = "Xcode 14.0";
			developmentRegion = en;
			hasScannedForEncodings = 0;
			knownRegions = (
				en,
				Base,
			);
			mainGroup = 50D683EF2948EC7200E9ABB6;
			productRefGroup = 50D683F92948EC7200E9ABB6 /* Products */;
			projectDirPath = "";
			projectRoot = "";
			targets = (
				50D683F72948EC7200E9ABB6 /* iOS-Assignment7 */,
				50D6840D2948EC7300E9ABB6 /* iOS-Assignment7Tests */,
				50D684172948EC7300E9ABB6 /* iOS-Assignment7UITests */,
			);
		};
/* End PBXProject section */

/* Begin PBXResourcesBuildPhase section */
		50D683F62948EC7200E9ABB6 /* Resources */ = {
			isa = PBXResourcesBuildPhase;
			buildActionMask = 2147483647;
			files = (
				50723962294A153A00644744 /* Assignemnt1StoryBorad.storyboard in Resources */,
				50D684082948EC7300E9ABB6 /* LaunchScreen.storyboard in Resources */,
				50D684052948EC7300E9ABB6 /* Assets.xcassets in Resources */,
				50D684032948EC7200E9ABB6 /* Main.storyboard in Resources */,
			);
			runOnlyForDeploymentPostprocessing = 0;
		};
		50D6840C2948EC7300E9ABB6 /* Resources */ = {
			isa = PBXResourcesBuildPhase;
			buildActionMask = 2147483647;
			files = (
			);
			runOnlyForDeploymentPostprocessing = 0;
		};
		50D684162948EC7300E9ABB6 /* Resources */ = {
			isa = PBXResourcesBuildPhase;
			buildActionMask = 2147483647;
			files = (
			);
			runOnlyForDeploymentPostprocessing = 0;
		};
/* End PBXResourcesBuildPhase section */

/* Begin PBXSourcesBuildPhase section */
		50D683F42948EC7200E9ABB6 /* Sources */ = {
			isa = PBXSourcesBuildPhase;
			buildActionMask = 2147483647;
			files = (
				5010629E294A2027004C4194 /* Assignment2ViewController.swift in Sources */,
				5072395D294A0D4700644744 /* MasterViewController.swift in Sources */,
				50273D67294A243A007C4DF1 /* InfoController.swift in Sources */,
				50D684002948EC7200E9ABB6 /* ViewController.swift in Sources */,
				50273D6A294A243A007C4DF1 /* HomeController.swift in Sources */,
				50273D69294A243A007C4DF1 /* ScrollViewController.swift in Sources */,
				50273D71294A2B15007C4DF1 /* TableItemViewController.swift in Sources */,
				50273D74294A2B15007C4DF1 /* ScrollViewDataController.swift in Sources */,
				50273D70294A2B15007C4DF1 /* TableViewController.swift in Sources */,
				50273D72294A2B15007C4DF1 /* Assignment4ViewController.swift in Sources */,
				50273D73294A2B15007C4DF1 /* ScrollViewControllerForm.swift in Sources */,
				50D683FC2948EC7200E9ABB6 /* AppDelegate.swift in Sources */,
				50723960294A152100644744 /* Assignment1ViewController.swift in Sources */,
				50D683FE2948EC7200E9ABB6 /* SceneDelegate.swift in Sources */,
				50273D68294A243A007C4DF1 /* ImageController.swift in Sources */,
			);
			runOnlyForDeploymentPostprocessing = 0;
		};
		50D6840A2948EC7300E9ABB6 /* Sources */ = {
			isa = PBXSourcesBuildPhase;
			buildActionMask = 2147483647;
			files = (
				50D684132948EC7300E9ABB6 /* iOS_Assignment7Tests.swift in Sources */,
			);
			runOnlyForDeploymentPostprocessing = 0;
		};
		50D684142948EC7300E9ABB6 /* Sources */ = {
			isa = PBXSourcesBuildPhase;
			buildActionMask = 2147483647;
			files = (
				50D6841D2948EC7300E9ABB6 /* iOS_Assignment7UITests.swift in Sources */,
				50D6841F2948EC7300E9ABB6 /* iOS_Assignment7UITestsLaunchTests.swift in Sources */,
			);
			runOnlyForDeploymentPostprocessing = 0;
		};
/* End PBXSourcesBuildPhase section */

/* Begin PBXTargetDependency section */
		50D684102948EC7300E9ABB6 /* PBXTargetDependency */ = {
			isa = PBXTargetDependency;
			target = 50D683F72948EC7200E9ABB6 /* iOS-Assignment7 */;
			targetProxy = 50D6840F2948EC7300E9ABB6 /* PBXContainerItemProxy */;
		};
		50D6841A2948EC7300E9ABB6 /* PBXTargetDependency */ = {
			isa = PBXTargetDependency;
			target = 50D683F72948EC7200E9ABB6 /* iOS-Assignment7 */;
			targetProxy = 50D684192948EC7300E9ABB6 /* PBXContainerItemProxy */;
		};
/* End PBXTargetDependency section */

/* Begin PBXVariantGroup section */
		50D684012948EC7200E9ABB6 /* Main.storyboard */ = {
			isa = PBXVariantGroup;
			children = (
				50D684022948EC7200E9ABB6 /* Base */,
			);
			name = Main.storyboard;
			sourceTree = "<group>";
		};
		50D684062948EC7300E9ABB6 /* LaunchScreen.storyboard */ = {
			isa = PBXVariantGroup;
			children = (
				50D684072948EC7300E9ABB6 /* Base */,
			);
			name = LaunchScreen.storyboard;
			sourceTree = "<group>";
		};
/* End PBXVariantGroup section */

/* Begin XCBuildConfiguration section */
		50D684202948EC7300E9ABB6 /* Debug */ = {
			isa = XCBuildConfiguration;
			buildSettings = {
				ALWAYS_SEARCH_USER_PATHS = NO;
				CLANG_ANALYZER_NONNULL = YES;
				CLANG_ANALYZER_NUMBER_OBJECT_CONVERSION = YES_AGGRESSIVE;
				CLANG_CXX_LANGUAGE_STANDARD = "gnu++20";
				CLANG_ENABLE_MODULES = YES;
				CLANG_ENABLE_OBJC_ARC = YES;
				CLANG_ENABLE_OBJC_WEAK = YES;
				CLANG_WARN_BLOCK_CAPTURE_AUTORELEASING = YES;
				CLANG_WARN_BOOL_CONVERSION = YES;
				CLANG_WARN_COMMA = YES;
				CLANG_WARN_CONSTANT_CONVERSION = YES;
				CLANG_WARN_DEPRECATED_OBJC_IMPLEMENTATIONS = YES;
				CLANG_WARN_DIRECT_OBJC_ISA_USAGE = YES_ERROR;
				CLANG_WARN_DOCUMENTATION_COMMENTS = YES;
				CLANG_WARN_EMPTY_BODY = YES;
				CLANG_WARN_ENUM_CONVERSION = YES;
				CLANG_WARN_INFINITE_RECURSION = YES;
				CLANG_WARN_INT_CONVERSION = YES;
				CLANG_WARN_NON_LITERAL_NULL_CONVERSION = YES;
				CLANG_WARN_OBJC_IMPLICIT_RETAIN_SELF = YES;
				CLANG_WARN_OBJC_LITERAL_CONVERSION = YES;
				CLANG_WARN_OBJC_ROOT_CLASS = YES_ERROR;
				CLANG_WARN_QUOTED_INCLUDE_IN_FRAMEWORK_HEADER = YES;
				CLANG_WARN_RANGE_LOOP_ANALYSIS = YES;
				CLANG_WARN_STRICT_PROTOTYPES = YES;
				CLANG_WARN_SUSPICIOUS_MOVE = YES;
				CLANG_WARN_UNGUARDED_AVAILABILITY = YES_AGGRESSIVE;
				CLANG_WARN_UNREACHABLE_CODE = YES;
				CLANG_WARN__DUPLICATE_METHOD_MATCH = YES;
				COPY_PHASE_STRIP = NO;
				DEBUG_INFORMATION_FORMAT = dwarf;
				ENABLE_STRICT_OBJC_MSGSEND = YES;
				ENABLE_TESTABILITY = YES;
				GCC_C_LANGUAGE_STANDARD = gnu11;
				GCC_DYNAMIC_NO_PIC = NO;
				GCC_NO_COMMON_BLOCKS = YES;
				GCC_OPTIMIZATION_LEVEL = 0;
				GCC_PREPROCESSOR_DEFINITIONS = (
					"DEBUG=1",
					"$(inherited)",
				);
				GCC_WARN_64_TO_32_BIT_CONVERSION = YES;
				GCC_WARN_ABOUT_RETURN_TYPE = YES_ERROR;
				GCC_WARN_UNDECLARED_SELECTOR = YES;
				GCC_WARN_UNINITIALIZED_AUTOS = YES_AGGRESSIVE;
				GCC_WARN_UNUSED_FUNCTION = YES;
				GCC_WARN_UNUSED_VARIABLE = YES;
				IPHONEOS_DEPLOYMENT_TARGET = 16.1;
				MTL_ENABLE_DEBUG_INFO = INCLUDE_SOURCE;
				MTL_FAST_MATH = YES;
				ONLY_ACTIVE_ARCH = YES;
				SDKROOT = iphoneos;
				SWIFT_ACTIVE_COMPILATION_CONDITIONS = DEBUG;
				SWIFT_OPTIMIZATION_LEVEL = "-Onone";
			};
			name = Debug;
		};
		50D684212948EC7300E9ABB6 /* Release */ = {
			isa = XCBuildConfiguration;
			buildSettings = {
				ALWAYS_SEARCH_USER_PATHS = NO;
				CLANG_ANALYZER_NONNULL = YES;
				CLANG_ANALYZER_NUMBER_OBJECT_CONVERSION = YES_AGGRESSIVE;
				CLANG_CXX_LANGUAGE_STANDARD = "gnu++20";
				CLANG_ENABLE_MODULES = YES;
				CLANG_ENABLE_OBJC_ARC = YES;
				CLANG_ENABLE_OBJC_WEAK = YES;
				CLANG_WARN_BLOCK_CAPTURE_AUTORELEASING = YES;
				CLANG_WARN_BOOL_CONVERSION = YES;
				CLANG_WARN_COMMA = YES;
				CLANG_WARN_CONSTANT_CONVERSION = YES;
				CLANG_WARN_DEPRECATED_OBJC_IMPLEMENTATIONS = YES;
				CLANG_WARN_DIRECT_OBJC_ISA_USAGE = YES_ERROR;
				CLANG_WARN_DOCUMENTATION_COMMENTS = YES;
				CLANG_WARN_EMPTY_BODY = YES;
				CLANG_WARN_ENUM_CONVERSION = YES;
				CLANG_WARN_INFINITE_RECURSION = YES;
				CLANG_WARN_INT_CONVERSION = YES;
				CLANG_WARN_NON_LITERAL_NULL_CONVERSION = YES;
				CLANG_WARN_OBJC_IMPLICIT_RETAIN_SELF = YES;
				CLANG_WARN_OBJC_LITERAL_CONVERSION = YES;
				CLANG_WARN_OBJC_ROOT_CLASS = YES_ERROR;
				CLANG_WARN_QUOTED_INCLUDE_IN_FRAMEWORK_HEADER = YES;
				CLANG_WARN_RANGE_LOOP_ANALYSIS = YES;
				CLANG_WARN_STRICT_PROTOTYPES = YES;
				CLANG_WARN_SUSPICIOUS_MOVE = YES;
				CLANG_WARN_UNGUARDED_AVAILABILITY = YES_AGGRESSIVE;
				CLANG_WARN_UNREACHABLE_CODE = YES;
				CLANG_WARN__DUPLICATE_METHOD_MATCH = YES;
				COPY_PHASE_STRIP = NO;
				DEBUG_INFORMATION_FORMAT = "dwarf-with-dsym";
				ENABLE_NS_ASSERTIONS = NO;
				ENABLE_STRICT_OBJC_MSGSEND = YES;
				GCC_C_LANGUAGE_STANDARD = gnu11;
				GCC_NO_COMMON_BLOCKS = YES;
				GCC_WARN_64_TO_32_BIT_CONVERSION = YES;
				GCC_WARN_ABOUT_RETURN_TYPE = YES_ERROR;
				GCC_WARN_UNDECLARED_SELECTOR = YES;
				GCC_WARN_UNINITIALIZED_AUTOS = YES_AGGRESSIVE;
				GCC_WARN_UNUSED_FUNCTION = YES;
				GCC_WARN_UNUSED_VARIABLE = YES;
				IPHONEOS_DEPLOYMENT_TARGET = 16.1;
				MTL_ENABLE_DEBUG_INFO = NO;
				MTL_FAST_MATH = YES;
				SDKROOT = iphoneos;
				SWIFT_COMPILATION_MODE = wholemodule;
				SWIFT_OPTIMIZATION_LEVEL = "-O";
				VALIDATE_PRODUCT = YES;
			};
			name = Release;
		};
		50D684232948EC7300E9ABB6 /* Debug */ = {
			isa = XCBuildConfiguration;
			buildSettings = {
				ASSETCATALOG_COMPILER_APPICON_NAME = AppIcon;
				ASSETCATALOG_COMPILER_GLOBAL_ACCENT_COLOR_NAME = AccentColor;
				CODE_SIGN_STYLE = Automatic;
				CURRENT_PROJECT_VERSION = 1;
				GENERATE_INFOPLIST_FILE = YES;
				INFOPLIST_FILE = "iOS-Assignment7/Info.plist";
				INFOPLIST_KEY_UIApplicationSupportsIndirectInputEvents = YES;
				INFOPLIST_KEY_UILaunchStoryboardName = LaunchScreen;
				INFOPLIST_KEY_UIMainStoryboardFile = Main;
				INFOPLIST_KEY_UISupportedInterfaceOrientations_iPad = "UIInterfaceOrientationPortrait UIInterfaceOrientationPortraitUpsideDown UIInterfaceOrientationLandscapeLeft UIInterfaceOrientationLandscapeRight";
				INFOPLIST_KEY_UISupportedInterfaceOrientations_iPhone = "UIInterfaceOrientationPortrait UIInterfaceOrientationLandscapeLeft UIInterfaceOrientationLandscapeRight";
				LD_RUNPATH_SEARCH_PATHS = (
					"$(inherited)",
					"@executable_path/Frameworks",
				);
				MARKETING_VERSION = 1.0;
				PRODUCT_BUNDLE_IDENTIFIER = "canadore.iOS-Assignment7";
				PRODUCT_NAME = "$(TARGET_NAME)";
				SWIFT_EMIT_LOC_STRINGS = YES;
				SWIFT_VERSION = 5.0;
				TARGETED_DEVICE_FAMILY = "1,2";
			};
			name = Debug;
		};
		50D684242948EC7300E9ABB6 /* Release */ = {
			isa = XCBuildConfiguration;
			buildSettings = {
				ASSETCATALOG_COMPILER_APPICON_NAME = AppIcon;
				ASSETCATALOG_COMPILER_GLOBAL_ACCENT_COLOR_NAME = AccentColor;
				CODE_SIGN_STYLE = Automatic;
				CURRENT_PROJECT_VERSION = 1;
				GENERATE_INFOPLIST_FILE = YES;
				INFOPLIST_FILE = "iOS-Assignment7/Info.plist";
				INFOPLIST_KEY_UIApplicationSupportsIndirectInputEvents = YES;
				INFOPLIST_KEY_UILaunchStoryboardName = LaunchScreen;
				INFOPLIST_KEY_UIMainStoryboardFile = Main;
				INFOPLIST_KEY_UISupportedInterfaceOrientations_iPad = "UIInterfaceOrientationPortrait UIInterfaceOrientationPortraitUpsideDown UIInterfaceOrientationLandscapeLeft UIInterfaceOrientationLandscapeRight";
				INFOPLIST_KEY_UISupportedInterfaceOrientations_iPhone = "UIInterfaceOrientationPortrait UIInterfaceOrientationLandscapeLeft UIInterfaceOrientationLandscapeRight";
				LD_RUNPATH_SEARCH_PATHS = (
					"$(inherited)",
					"@executable_path/Frameworks",
				);
				MARKETING_VERSION = 1.0;
				PRODUCT_BUNDLE_IDENTIFIER = "canadore.iOS-Assignment7";
				PRODUCT_NAME = "$(TARGET_NAME)";
				SWIFT_EMIT_LOC_STRINGS = YES;
				SWIFT_VERSION = 5.0;
				TARGETED_DEVICE_FAMILY = "1,2";
			};
			name = Release;
		};
		50D684262948EC7300E9ABB6 /* Debug */ = {
			isa = XCBuildConfiguration;
			buildSettings = {
				ALWAYS_EMBED_SWIFT_STANDARD_LIBRARIES = YES;
				BUNDLE_LOADER = "$(TEST_HOST)";
				CODE_SIGN_STYLE = Automatic;
				CURRENT_PROJECT_VERSION = 1;
				GENERATE_INFOPLIST_FILE = YES;
				IPHONEOS_DEPLOYMENT_TARGET = 16.1;
				MARKETING_VERSION = 1.0;
				PRODUCT_BUNDLE_IDENTIFIER = "canadore.iOS-Assignment7Tests";
				PRODUCT_NAME = "$(TARGET_NAME)";
				SWIFT_EMIT_LOC_STRINGS = NO;
				SWIFT_VERSION = 5.0;
				TARGETED_DEVICE_FAMILY = "1,2";
				TEST_HOST = "$(BUILT_PRODUCTS_DIR)/iOS-Assignment7.app/$(BUNDLE_EXECUTABLE_FOLDER_PATH)/iOS-Assignment7";
			};
			name = Debug;
		};
		50D684272948EC7300E9ABB6 /* Release */ = {
			isa = XCBuildConfiguration;
			buildSettings = {
				ALWAYS_EMBED_SWIFT_STANDARD_LIBRARIES = YES;
				BUNDLE_LOADER = "$(TEST_HOST)";
				CODE_SIGN_STYLE = Automatic;
				CURRENT_PROJECT_VERSION = 1;
				GENERATE_INFOPLIST_FILE = YES;
				IPHONEOS_DEPLOYMENT_TARGET = 16.1;
				MARKETING_VERSION = 1.0;
				PRODUCT_BUNDLE_IDENTIFIER = "canadore.iOS-Assignment7Tests";
				PRODUCT_NAME = "$(TARGET_NAME)";
				SWIFT_EMIT_LOC_STRINGS = NO;
				SWIFT_VERSION = 5.0;
				TARGETED_DEVICE_FAMILY = "1,2";
				TEST_HOST = "$(BUILT_PRODUCTS_DIR)/iOS-Assignment7.app/$(BUNDLE_EXECUTABLE_FOLDER_PATH)/iOS-Assignment7";
			};
			name = Release;
		};
		50D684292948EC7300E9ABB6 /* Debug */ = {
			isa = XCBuildConfiguration;
			buildSettings = {
				ALWAYS_EMBED_SWIFT_STANDARD_LIBRARIES = YES;
				CODE_SIGN_STYLE = Automatic;
				CURRENT_PROJECT_VERSION = 1;
				GENERATE_INFOPLIST_FILE = YES;
				MARKETING_VERSION = 1.0;
				PRODUCT_BUNDLE_IDENTIFIER = "canadore.iOS-Assignment7UITests";
				PRODUCT_NAME = "$(TARGET_NAME)";
				SWIFT_EMIT_LOC_STRINGS = NO;
				SWIFT_VERSION = 5.0;
				TARGETED_DEVICE_FAMILY = "1,2";
				TEST_TARGET_NAME = "iOS-Assignment7";
			};
			name = Debug;
		};
		50D6842A2948EC7300E9ABB6 /* Release */ = {
			isa = XCBuildConfiguration;
			buildSettings = {
				ALWAYS_EMBED_SWIFT_STANDARD_LIBRARIES = YES;
				CODE_SIGN_STYLE = Automatic;
				CURRENT_PROJECT_VERSION = 1;
				GENERATE_INFOPLIST_FILE = YES;
				MARKETING_VERSION = 1.0;
				PRODUCT_BUNDLE_IDENTIFIER = "canadore.iOS-Assignment7UITests";
				PRODUCT_NAME = "$(TARGET_NAME)";
				SWIFT_EMIT_LOC_STRINGS = NO;
				SWIFT_VERSION = 5.0;
				TARGETED_DEVICE_FAMILY = "1,2";
				TEST_TARGET_NAME = "iOS-Assignment7";
			};
			name = Release;
		};
/* End XCBuildConfiguration section */

/* Begin XCConfigurationList section */
		50D683F32948EC7200E9ABB6 /* Build configuration list for PBXProject "iOS-Assignment7" */ = {
			isa = XCConfigurationList;
			buildConfigurations = (
				50D684202948EC7300E9ABB6 /* Debug */,
				50D684212948EC7300E9ABB6 /* Release */,
			);
			defaultConfigurationIsVisible = 0;
			defaultConfigurationName = Release;
		};
		50D684222948EC7300E9ABB6 /* Build configuration list for PBXNativeTarget "iOS-Assignment7" */ = {
			isa = XCConfigurationList;
			buildConfigurations = (
				50D684232948EC7300E9ABB6 /* Debug */,
				50D684242948EC7300E9ABB6 /* Release */,
			);
			defaultConfigurationIsVisible = 0;
			defaultConfigurationName = Release;
		};
		50D684252948EC7300E9ABB6 /* Build configuration list for PBXNativeTarget "iOS-Assignment7Tests" */ = {
			isa = XCConfigurationList;
			buildConfigurations = (
				50D684262948EC7300E9ABB6 /* Debug */,
				50D684272948EC7300E9ABB6 /* Release */,
			);
			defaultConfigurationIsVisible = 0;
			defaultConfigurationName = Release;
		};
		50D684282948EC7300E9ABB6 /* Build configuration list for PBXNativeTarget "iOS-Assignment7UITests" */ = {
			isa = XCConfigurationList;
			buildConfigurations = (
				50D684292948EC7300E9ABB6 /* Debug */,
				50D6842A2948EC7300E9ABB6 /* Release */,
			);
			defaultConfigurationIsVisible = 0;
			defaultConfigurationName = Release;
		};
/* End XCConfigurationList section */
	};
	rootObject = 50D683F02948EC7200E9ABB6 /* Project object */;
}
